
Microsoft Visual Studio Solution File, Format Version 12.00
# Visual Studio Version 17
VisualStudioVersion = 17.14.37314.3
MinimumVisualStudioVersion = 10.0.40219.1
Project("{FAE04EC0-301F-11D3-BF4B-00C04F79EFBC}") = "ASP.NET", "ASP.NET\ASP.NET.csproj", "{0B127293-295E-FECE-73BD-4881D1066019}"
EndProject
Project("{FAE04EC0-301F-11D3-BF4B-00C04F79EFBC}") = "ASP.NET_Project", "ASP.NET_Project\ASP.NET_Project.csproj", "{86CA6B71-D53F-4AB3-90EB-CF5424144C83}"
EndProject
Project("{2150E333-8FDC-42A3-9474-1A3956D46DE8}") = "Solution Items", "Solution Items", "{8EC462FD-D22E-90A8-E5CE-7E832BA40C5D}"
	ProjectSection(SolutionItems) = preProject
		.gitignore = .gitignore
	EndProjectSection
EndProject
Global
	GlobalSection(SolutionConfigurationPlatforms) = preSolution
		Debug|Any CPU = Debug|Any CPU
		Release|Any CPU = Release|Any CPU
	EndGlobalSection
	GlobalSection(ProjectConfigurationPlatforms) = postSolution
		{0B127293-295E-FECE-73BD-4881D1066019}.Debug|Any CPU.ActiveCfg = Debug|Any CPU
		{0B127293-295E-FECE-73BD-4881D1066019}.Debug|Any CPU.Build.0 = Debug|Any CPU
		{0B127293-295E-FECE-73BD-4881D1066019}.Release|Any CPU.ActiveCfg = Release|Any CPU
		{0B127293-295E-FECE-73BD-4881D1066019}.Release|Any CPU.Build.0 = Release|Any CPU
		{86CA6B71-D53F-4AB3-90EB-CF5424144C83}.Debug|Any CPU.ActiveCfg = Debug|Any CPU
		{86CA6B71-D53F-4AB3-90EB-CF5424144C83}.Debug|Any CPU.Build.0 = Debug|Any CPU
		{86CA6B71-D53F-4AB3-90EB-CF5424144C83}.Release|Any CPU.ActiveCfg = Release|Any CPU
		{86CA6B71-D53F-4AB3-90EB-CF5424144C83}.Release|Any CPU.Build.0 = Release|Any CPU
	EndGlobalSection
	GlobalSection(SolutionProperties) = preSolution
		HideSolutionNode = FALSE
	EndGlobalSection
	GlobalSection(ExtensibilityGlobals) = postSolution
		SolutionGuid = {5287263D-7D1C-42CD-A248-880148320296}
	EndGlobalSection
EndGlobal
